// !$*UTF8*$!
{
	archiveVersion = 1;
	classes = {
	};
	objectVersion = 56;
	objects = {

/* Begin PBXBuildFile section */
		F2011E4C29633C4700ECBE32 /* RiveAppBELIEVEApp.swift in Sources */ = {isa = PBXBuildFile; fileRef = F2011E4B29633C4700ECBE32 /* RiveAppBELIEVEApp.swift */; };
		F2011E4E29633C4700ECBE32 /* ContentView.swift in Sources */ = {isa = PBXBuildFile; fileRef = F2011E4D29633C4700ECBE32 /* ContentView.swift */; };
		F2011E5029633C4900ECBE32 /* Assets.xcassets in Resources */ = {isa = PBXBuildFile; fileRef = F2011E4F29633C4900ECBE32 /* Assets.xcassets */; };
		F2011E5329633C4900ECBE32 /* Preview Assets.xcassets in Resources */ = {isa = PBXBuildFile; fileRef = F2011E5229633C4900ECBE32 /* Preview Assets.xcassets */; };
		F2011E6129633CA000ECBE32 /* house.riv in Resources */ = {isa = PBXBuildFile; fileRef = F2011E5A29633CA000ECBE32 /* house.riv */; };
		F2011E6229633CA000ECBE32 /* confetti.riv in Resources */ = {isa = PBXBuildFile; fileRef = F2011E5B29633CA000ECBE32 /* confetti.riv */; };
		F2011E6329633CA000ECBE32 /* check.riv in Resources */ = {isa = PBXBuildFile; fileRef = F2011E5C29633CA000ECBE32 /* check.riv */; };
		F2011E6429633CA000ECBE32 /* menu_button.riv in Resources */ = {isa = PBXBuildFile; fileRef = F2011E5D29633CA000ECBE32 /* menu_button.riv */; };
		F2011E6529633CA000ECBE32 /* shapes.riv in Resources */ = {isa = PBXBuildFile; fileRef = F2011E5E29633CA000ECBE32 /* shapes.riv */; };
		F2011E6629633CA000ECBE32 /* button.riv in Resources */ = {isa = PBXBuildFile; fileRef = F2011E5F29633CA000ECBE32 /* button.riv */; };
		F2011E6729633CA000ECBE32 /* icons.riv in Resources */ = {isa = PBXBuildFile; fileRef = F2011E6029633CA000ECBE32 /* icons.riv */; };
		F2011E6A29633CD800ECBE32 /* RiveRuntime in Frameworks */ = {isa = PBXBuildFile; productRef = F2011E6929633CD800ECBE32 /* RiveRuntime */; };
		F2011E6C29633CE900ECBE32 /* OnboardingView.swift in Sources */ = {isa = PBXBuildFile; fileRef = F2011E6B29633CE900ECBE32 /* OnboardingView.swift */; };
		F2011E71296352EA00ECBE32 /* Inter-Regular.ttf in Resources */ = {isa = PBXBuildFile; fileRef = F2011E6E296352EA00ECBE32 /* Inter-Regular.ttf */; };
		F2011E72296352EA00ECBE32 /* Poppins-Bold.ttf in Resources */ = {isa = PBXBuildFile; fileRef = F2011E6F296352EA00ECBE32 /* Poppins-Bold.ttf */; };
		F2011E73296352EA00ECBE32 /* Inter-SemiBold.ttf in Resources */ = {isa = PBXBuildFile; fileRef = F2011E70296352EA00ECBE32 /* Inter-SemiBold.ttf */; };
		F2011E76296353FA00ECBE32 /* CustomFont.swift in Sources */ = {isa = PBXBuildFile; fileRef = F2011E75296353FA00ECBE32 /* CustomFont.swift */; };
/* End PBXBuildFile section */

/* Begin PBXFileReference section */
		F2011E4829633C4700ECBE32 /* RiveAppBELIEVE.app */ = {isa = PBXFileReference; explicitFileType = wrapper.application; includeInIndex = 0; path = RiveAppBELIEVE.app; sourceTree = BUILT_PRODUCTS_DIR; };
		F2011E4B29633C4700ECBE32 /* RiveAppBELIEVEApp.swift */ = {isa = PBXFileReference; lastKnownFileType = sourcecode.swift; path = RiveAppBELIEVEApp.swift; sourceTree = "<group>"; };
		F2011E4D29633C4700ECBE32 /* ContentView.swift */ = {isa = PBXFileReference; lastKnownFileType = sourcecode.swift; path = ContentView.swift; sourceTree = "<group>"; };
		F2011E4F29633C4900ECBE32 /* Assets.xcassets */ = {isa = PBXFileReference; lastKnownFileType = folder.assetcatalog; path = Assets.xcassets; sourceTree = "<group>"; };
		F2011E5229633C4900ECBE32 /* Preview Assets.xcassets */ = {isa = PBXFileReference; lastKnownFileType = folder.assetcatalog; path = "Preview Assets.xcassets"; sourceTree = "<group>"; };
		F2011E5A29633CA000ECBE32 /* house.riv */ = {isa = PBXFileReference; lastKnownFileType = file; path = house.riv; sourceTree = "<group>"; };
		F2011E5B29633CA000ECBE32 /* confetti.riv */ = {isa = PBXFileReference; lastKnownFileType = file; path = confetti.riv; sourceTree = "<group>"; };
		F2011E5C29633CA000ECBE32 /* check.riv */ = {isa = PBXFileReference; lastKnownFileType = file; path = check.riv; sourceTree = "<group>"; };
		F2011E5D29633CA000ECBE32 /* menu_button.riv */ = {isa = PBXFileReference; lastKnownFileType = file; path = menu_button.riv; sourceTree = "<group>"; };
		F2011E5E29633CA000ECBE32 /* shapes.riv */ = {isa = PBXFileReference; lastKnownFileType = file; path = shapes.riv; sourceTree = "<group>"; };
		F2011E5F29633CA000ECBE32 /* button.riv */ = {isa = PBXFileReference; lastKnownFileType = file; path = button.riv; sourceTree = "<group>"; };
		F2011E6029633CA000ECBE32 /* icons.riv */ = {isa = PBXFileReference; lastKnownFileType = file; path = icons.riv; sourceTree = "<group>"; };
		F2011E6B29633CE900ECBE32 /* OnboardingView.swift */ = {isa = PBXFileReference; lastKnownFileType = sourcecode.swift; path = OnboardingView.swift; sourceTree = "<group>"; };
		F2011E6E296352EA00ECBE32 /* Inter-Regular.ttf */ = {isa = PBXFileReference; lastKnownFileType = file; path = "Inter-Regular.ttf"; sourceTree = "<group>"; };
		F2011E6F296352EA00ECBE32 /* Poppins-Bold.ttf */ = {isa = PBXFileReference; lastKnownFileType = file; path = "Poppins-Bold.ttf"; sourceTree = "<group>"; };
		F2011E70296352EA00ECBE32 /* Inter-SemiBold.ttf */ = {isa = PBXFileReference; lastKnownFileType = file; path = "Inter-SemiBold.ttf"; sourceTree = "<group>"; };
		F2011E742963530800ECBE32 /* Info.plist */ = {isa = PBXFileReference; lastKnownFileType = text.plist; path = Info.plist; sourceTree = "<group>"; };
		F2011E75296353FA00ECBE32 /* CustomFont.swift */ = {isa = PBXFileReference; lastKnownFileType = sourcecode.swift; path = CustomFont.swift; sourceTree = "<group>"; };
/* End PBXFileReference section */

/* Begin PBXFrameworksBuildPhase section */
		F2011E4529633C4700ECBE32 /* Frameworks */ = {
			isa = PBXFrameworksBuildPhase;
			buildActionMask = 2147483647;
			files = (
				F2011E6A29633CD800ECBE32 /* RiveRuntime in Frameworks */,
			);
			runOnlyForDeploymentPostprocessing = 0;
		};
/* End PBXFrameworksBuildPhase section */

/* Begin PBXGroup section */
		F2011E3F29633C4700ECBE32 = {
			isa = PBXGroup;
			children = (
				F2011E4A29633C4700ECBE32 /* RiveAppBELIEVE */,
				F2011E4929633C4700ECBE32 /* Products */,
			);
			sourceTree = "<group>";
		};
		F2011E4929633C4700ECBE32 /* Products */ = {
			isa = PBXGroup;
			children = (
				F2011E4829633C4700ECBE32 /* RiveAppBELIEVE.app */,
			);
			name = Products;
			sourceTree = "<group>";
		};
		F2011E4A29633C4700ECBE32 /* RiveAppBELIEVE */ = {
			isa = PBXGroup;
			children = (
				F2011E742963530800ECBE32 /* Info.plist */,
				F2011E4B29633C4700ECBE32 /* RiveAppBELIEVEApp.swift */,
				F2011E4D29633C4700ECBE32 /* ContentView.swift */,
				F2011E6B29633CE900ECBE32 /* OnboardingView.swift */,
				F2011E75296353FA00ECBE32 /* CustomFont.swift */,
				F2011E4F29633C4900ECBE32 /* Assets.xcassets */,
				F2011E6D296352EA00ECBE32 /* Fonts */,
				F2011E5929633CA000ECBE32 /* RiveAssets */,
				F2011E5129633C4900ECBE32 /* Preview Content */,
			);
			path = RiveAppBELIEVE;
			sourceTree = "<group>";
		};
		F2011E5129633C4900ECBE32 /* Preview Content */ = {
			isa = PBXGroup;
			children = (
				F2011E5229633C4900ECBE32 /* Preview Assets.xcassets */,
			);
			path = "Preview Content";
			sourceTree = "<group>";
		};
		F2011E5929633CA000ECBE32 /* RiveAssets */ = {
			isa = PBXGroup;
			children = (
				F2011E5A29633CA000ECBE32 /* house.riv */,
				F2011E5B29633CA000ECBE32 /* confetti.riv */,
				F2011E5C29633CA000ECBE32 /* check.riv */,
				F2011E5D29633CA000ECBE32 /* menu_button.riv */,
				F2011E5E29633CA000ECBE32 /* shapes.riv */,
				F2011E5F29633CA000ECBE32 /* button.riv */,
				F2011E6029633CA000ECBE32 /* icons.riv */,
			);
			path = RiveAssets;
			sourceTree = "<group>";
		};
		F2011E6D296352EA00ECBE32 /* Fonts */ = {
			isa = PBXGroup;
			children = (
				F2011E6E296352EA00ECBE32 /* Inter-Regular.ttf */,
				F2011E6F296352EA00ECBE32 /* Poppins-Bold.ttf */,
				F2011E70296352EA00ECBE32 /* Inter-SemiBold.ttf */,
			);
			path = Fonts;
			sourceTree = "<group>";
		};
/* End PBXGroup section */

/* Begin PBXNativeTarget section */
		F2011E4729633C4700ECBE32 /* RiveAppBELIEVE */ = {
			isa = PBXNativeTarget;
			buildConfigurationList = F2011E5629633C4900ECBE32 /* Build configuration list for PBXNativeTarget "RiveAppBELIEVE" */;
			buildPhases = (
				F2011E4429633C4700ECBE32 /* Sources */,
				F2011E4529633C4700ECBE32 /* Frameworks */,
				F2011E4629633C4700ECBE32 /* Resources */,
			);
			buildRules = (
			);
			dependencies = (
			);
			name = RiveAppBELIEVE;
			packageProductDependencies = (
				F2011E6929633CD800ECBE32 /* RiveRuntime */,
			);
			productName = RiveAppBELIEVE;
			productReference = F2011E4829633C4700ECBE32 /* RiveAppBELIEVE.app */;
			productType = "com.apple.product-type.application";
		};
/* End PBXNativeTarget section */

/* Begin PBXProject section */
		F2011E4029633C4700ECBE32 /* Project object */ = {
			isa = PBXProject;
			attributes = {
				BuildIndependentTargetsInParallel = 1;
				LastSwiftUpdateCheck = 1420;
				LastUpgradeCheck = 1420;
				TargetAttributes = {
					F2011E4729633C4700ECBE32 = {
						CreatedOnToolsVersion = 14.2;
					};
				};
			};
			buildConfigurationList = F2011E4329633C4700ECBE32 /* Build configuration list for PBXProject "RiveAppBELIEVE" */;
			compatibilityVersion = "Xcode 14.0";
			developmentRegion = en;
			hasScannedForEncodings = 0;
			knownRegions = (
				en,
				Base,
			);
			mainGroup = F2011E3F29633C4700ECBE32;
			packageReferences = (
				F2011E6829633CD800ECBE32 /* XCRemoteSwiftPackageReference "rive-ios" */,
			);
			productRefGroup = F2011E4929633C4700ECBE32 /* Products */;
			projectDirPath = "";
			projectRoot = "";
			targets = (
				F2011E4729633C4700ECBE32 /* RiveAppBELIEVE */,
			);
		};
/* End PBXProject section */

/* Begin PBXResourcesBuildPhase section */
		F2011E4629633C4700ECBE32 /* Resources */ = {
			isa = PBXResourcesBuildPhase;
			buildActionMask = 2147483647;
			files = (
				F2011E73296352EA00ECBE32 /* Inter-SemiBold.ttf in Resources */,
				F2011E6529633CA000ECBE32 /* shapes.riv in Resources */,
				F2011E6329633CA000ECBE32 /* check.riv in Resources */,
				F2011E5329633C4900ECBE32 /* Preview Assets.xcassets in Resources */,
				F2011E6429633CA000ECBE32 /* menu_button.riv in Resources */,
				F2011E6129633CA000ECBE32 /* house.riv in Resources */,
				F2011E6629633CA000ECBE32 /* button.riv in Resources */,
				F2011E71296352EA00ECBE32 /* Inter-Regular.ttf in Resources */,
				F2011E72296352EA00ECBE32 /* Poppins-Bold.ttf in Resources */,
				F2011E5029633C4900ECBE32 /* Assets.xcassets in Resources */,
				F2011E6229633CA000ECBE32 /* confetti.riv in Resources */,
				F2011E6729633CA000ECBE32 /* icons.riv in Resources */,
			);
			runOnlyForDeploymentPostprocessing = 0;
		};
/* End PBXResourcesBuildPhase section */

/* Begin PBXSourcesBuildPhase section */
		F2011E4429633C4700ECBE32 /* Sources */ = {
			isa = PBXSourcesBuildPhase;
			buildActionMask = 2147483647;
			files = (
				F2011E6C29633CE900ECBE32 /* OnboardingView.swift in Sources */,
				F2011E76296353FA00ECBE32 /* CustomFont.swift in Sources */,
				F2011E4E29633C4700ECBE32 /* ContentView.swift in Sources */,
				F2011E4C29633C4700ECBE32 /* RiveAppBELIEVEApp.swift in Sources */,
			);
			runOnlyForDeploymentPostprocessing = 0;
		};
/* End PBXSourcesBuildPhase section */

/* Begin XCBuildConfiguration section */
		F2011E5429633C4900ECBE32 /* Debug */ = {
			isa = XCBuildConfiguration;
			buildSettings = {
				ALWAYS_SEARCH_USER_PATHS = NO;
				CLANG_ANALYZER_NONNULL = YES;
				CLANG_ANALYZER_NUMBER_OBJECT_CONVERSION = YES_AGGRESSIVE;
				CLANG_CXX_LANGUAGE_STANDARD = "gnu++20";
				CLANG_ENABLE_MODULES = YES;
				CLANG_ENABLE_OBJC_ARC = YES;
				CLANG_ENABLE_OBJC_WEAK = YES;
				CLANG_WARN_BLOCK_CAPTURE_AUTORELEASING = YES;
				CLANG_WARN_BOOL_CONVERSION = YES;
				CLANG_WARN_COMMA = YES;
				CLANG_WARN_CONSTANT_CONVERSION = YES;
				CLANG_WARN_DEPRECATED_OBJC_IMPLEMENTATIONS = YES;
				CLANG_WARN_DIRECT_OBJC_ISA_USAGE = YES_ERROR;
				CLANG_WARN_DOCUMENTATION_COMMENTS = YES;
				CLANG_WARN_EMPTY_BODY = YES;
				CLANG_WARN_ENUM_CONVERSION = YES;
				CLANG_WARN_INFINITE_RECURSION = YES;
				CLANG_WARN_INT_CONVERSION = YES;
				CLANG_WARN_NON_LITERAL_NULL_CONVERSION = YES;
				CLANG_WARN_OBJC_IMPLICIT_RETAIN_SELF = YES;
				CLANG_WARN_OBJC_LITERAL_CONVERSION = YES;
				CLANG_WARN_OBJC_ROOT_CLASS = YES_ERROR;
				CLANG_WARN_QUOTED_INCLUDE_IN_FRAMEWORK_HEADER = YES;
				CLANG_WARN_RANGE_LOOP_ANALYSIS = YES;
				CLANG_WARN_STRICT_PROTOTYPES = YES;
				CLANG_WARN_SUSPICIOUS_MOVE = YES;
				CLANG_WARN_UNGUARDED_AVAILABILITY = YES_AGGRESSIVE;
				CLANG_WARN_UNREACHABLE_CODE = YES;
				CLANG_WARN__DUPLICATE_METHOD_MATCH = YES;
				COPY_PHASE_STRIP = NO;
				DEBUG_INFORMATION_FORMAT = dwarf;
				ENABLE_STRICT_OBJC_MSGSEND = YES;
				ENABLE_TESTABILITY = YES;
				GCC_C_LANGUAGE_STANDARD = gnu11;
				GCC_DYNAMIC_NO_PIC = NO;
				GCC_NO_COMMON_BLOCKS = YES;
				GCC_OPTIMIZATION_LEVEL = 0;
				GCC_PREPROCESSOR_DEFINITIONS = (
					"DEBUG=1",
					"$(inherited)",
				);
				GCC_WARN_64_TO_32_BIT_CONVERSION = YES;
				GCC_WARN_ABOUT_RETURN_TYPE = YES_ERROR;
				GCC_WARN_UNDECLARED_SELECTOR = YES;
				GCC_WARN_UNINITIALIZED_AUTOS = YES_AGGRESSIVE;
				GCC_WARN_UNUSED_FUNCTION = YES;
				GCC_WARN_UNUSED_VARIABLE = YES;
				IPHONEOS_DEPLOYMENT_TARGET = 16.2;
				MTL_ENABLE_DEBUG_INFO = INCLUDE_SOURCE;
				MTL_FAST_MATH = YES;
				ONLY_ACTIVE_ARCH = YES;
				SDKROOT = iphoneos;
				SWIFT_ACTIVE_COMPILATION_CONDITIONS = DEBUG;
				SWIFT_OPTIMIZATION_LEVEL = "-Onone";
			};
			name = Debug;
		};
		F2011E5529633C4900ECBE32 /* Release */ = {
			isa = XCBuildConfiguration;
			buildSettings = {
				ALWAYS_SEARCH_USER_PATHS = NO;
				CLANG_ANALYZER_NONNULL = YES;
				CLANG_ANALYZER_NUMBER_OBJECT_CONVERSION = YES_AGGRESSIVE;
				CLANG_CXX_LANGUAGE_STANDARD = "gnu++20";
				CLANG_ENABLE_MODULES = YES;
				CLANG_ENABLE_OBJC_ARC = YES;
				CLANG_ENABLE_OBJC_WEAK = YES;
				CLANG_WARN_BLOCK_CAPTURE_AUTORELEASING = YES;
				CLANG_WARN_BOOL_CONVERSION = YES;
				CLANG_WARN_COMMA = YES;
				CLANG_WARN_CONSTANT_CONVERSION = YES;
				CLANG_WARN_DEPRECATED_OBJC_IMPLEMENTATIONS = YES;
				CLANG_WARN_DIRECT_OBJC_ISA_USAGE = YES_ERROR;
				CLANG_WARN_DOCUMENTATION_COMMENTS = YES;
				CLANG_WARN_EMPTY_BODY = YES;
				CLANG_WARN_ENUM_CONVERSION = YES;
				CLANG_WARN_INFINITE_RECURSION = YES;
				CLANG_WARN_INT_CONVERSION = YES;
				CLANG_WARN_NON_LITERAL_NULL_CONVERSION = YES;
				CLANG_WARN_OBJC_IMPLICIT_RETAIN_SELF = YES;
				CLANG_WARN_OBJC_LITERAL_CONVERSION = YES;
				CLANG_WARN_OBJC_ROOT_CLASS = YES_ERROR;
				CLANG_WARN_QUOTED_INCLUDE_IN_FRAMEWORK_HEADER = YES;
				CLANG_WARN_RANGE_LOOP_ANALYSIS = YES;
				CLANG_WARN_STRICT_PROTOTYPES = YES;
				CLANG_WARN_SUSPICIOUS_MOVE = YES;
				CLANG_WARN_UNGUARDED_AVAILABILITY = YES_AGGRESSIVE;
				CLANG_WARN_UNREACHABLE_CODE = YES;
				CLANG_WARN__DUPLICATE_METHOD_MATCH = YES;
				COPY_PHASE_STRIP = NO;
				DEBUG_INFORMATION_FORMAT = "dwarf-with-dsym";
				ENABLE_NS_ASSERTIONS = NO;
				ENABLE_STRICT_OBJC_MSGSEND = YES;
				GCC_C_LANGUAGE_STANDARD = gnu11;
				GCC_NO_COMMON_BLOCKS = YES;
				GCC_WARN_64_TO_32_BIT_CONVERSION = YES;
				GCC_WARN_ABOUT_RETURN_TYPE = YES_ERROR;
				GCC_WARN_UNDECLARED_SELECTOR = YES;
				GCC_WARN_UNINITIALIZED_AUTOS = YES_AGGRESSIVE;
				GCC_WARN_UNUSED_FUNCTION = YES;
				GCC_WARN_UNUSED_VARIABLE = YES;
				IPHONEOS_DEPLOYMENT_TARGET = 16.2;
				MTL_ENABLE_DEBUG_INFO = NO;
				MTL_FAST_MATH = YES;
				SDKROOT = iphoneos;
				SWIFT_COMPILATION_MODE = wholemodule;
				SWIFT_OPTIMIZATION_LEVEL = "-O";
				VALIDATE_PRODUCT = YES;
			};
			name = Release;
		};
		F2011E5729633C4900ECBE32 /* Debug */ = {
			isa = XCBuildConfiguration;
			buildSettings = {
				ASSETCATALOG_COMPILER_APPICON_NAME = AppIcon;
				ASSETCATALOG_COMPILER_GLOBAL_ACCENT_COLOR_NAME = AccentColor;
				CODE_SIGN_STYLE = Automatic;
				CURRENT_PROJECT_VERSION = 1;
				DEVELOPMENT_ASSET_PATHS = "\"RiveAppBELIEVE/Preview Content\"";
				DEVELOPMENT_TEAM = 7HUT629824;
				ENABLE_PREVIEWS = YES;
				GENERATE_INFOPLIST_FILE = YES;
				INFOPLIST_FILE = RiveAppBELIEVE/Info.plist;
				INFOPLIST_KEY_UIApplicationSceneManifest_Generation = YES;
				INFOPLIST_KEY_UIApplicationSupportsIndirectInputEvents = YES;
				INFOPLIST_KEY_UILaunchScreen_Generation = YES;
				INFOPLIST_KEY_UISupportedInterfaceOrientations_iPad = "UIInterfaceOrientationPortrait UIInterfaceOrientationPortraitUpsideDown UIInterfaceOrientationLandscapeLeft UIInterfaceOrientationLandscapeRight";
				INFOPLIST_KEY_UISupportedInterfaceOrientations_iPhone = "UIInterfaceOrientationPortrait UIInterfaceOrientationLandscapeLeft UIInterfaceOrientationLandscapeRight";
				LD_RUNPATH_SEARCH_PATHS = (
					"$(inherited)",
					"@executable_path/Frameworks",
				);
				MARKETING_VERSION = 1.0;
				PRODUCT_BUNDLE_IDENTIFIER = com.riveAppBELIEVE.RiveAppBELIEVE;
				PRODUCT_NAME = "$(TARGET_NAME)";
				SWIFT_EMIT_LOC_STRINGS = YES;
				SWIFT_VERSION = 5.0;
				TARGETED_DEVICE_FAMILY = "1,2";
			};
			name = Debug;
		};
		F2011E5829633C4900ECBE32 /* Release */ = {
			isa = XCBuildConfiguration;
			buildSettings = {
				ASSETCATALOG_COMPILER_APPICON_NAME = AppIcon;
				ASSETCATALOG_COMPILER_GLOBAL_ACCENT_COLOR_NAME = AccentColor;
				CODE_SIGN_STYLE = Automatic;
				CURRENT_PROJECT_VERSION = 1;
				DEVELOPMENT_ASSET_PATHS = "\"RiveAppBELIEVE/Preview Content\"";
				DEVELOPMENT_TEAM = 7HUT629824;
				ENABLE_PREVIEWS = YES;
				GENERATE_INFOPLIST_FILE = YES;
				INFOPLIST_FILE = RiveAppBELIEVE/Info.plist;
				INFOPLIST_KEY_UIApplicationSceneManifest_Generation = YES;
				INFOPLIST_KEY_UIApplicationSupportsIndirectInputEvents = YES;
				INFOPLIST_KEY_UILaunchScreen_Generation = YES;
				INFOPLIST_KEY_UISupportedInterfaceOrientations_iPad = "UIInterfaceOrientationPortrait UIInterfaceOrientationPortraitUpsideDown UIInterfaceOrientationLandscapeLeft UIInterfaceOrientationLandscapeRight";
				INFOPLIST_KEY_UISupportedInterfaceOrientations_iPhone = "UIInterfaceOrientationPortrait UIInterfaceOrientationLandscapeLeft UIInterfaceOrientationLandscapeRight";
				LD_RUNPATH_SEARCH_PATHS = (
					"$(inherited)",
					"@executable_path/Frameworks",
				);
				MARKETING_VERSION = 1.0;
				PRODUCT_BUNDLE_IDENTIFIER = com.riveAppBELIEVE.RiveAppBELIEVE;
				PRODUCT_NAME = "$(TARGET_NAME)";
				SWIFT_EMIT_LOC_STRINGS = YES;
				SWIFT_VERSION = 5.0;
				TARGETED_DEVICE_FAMILY = "1,2";
			};
			name = Release;
		};
/* End XCBuildConfiguration section */

/* Begin XCConfigurationList section */
		F2011E4329633C4700ECBE32 /* Build configuration list for PBXProject "RiveAppBELIEVE" */ = {
			isa = XCConfigurationList;
			buildConfigurations = (
				F2011E5429633C4900ECBE32 /* Debug */,
				F2011E5529633C4900ECBE32 /* Release */,
			);
			defaultConfigurationIsVisible = 0;
			defaultConfigurationName = Release;
		};
		F2011E5629633C4900ECBE32 /* Build configuration list for PBXNativeTarget "RiveAppBELIEVE" */ = {
			isa = XCConfigurationList;
			buildConfigurations = (
				F2011E5729633C4900ECBE32 /* Debug */,
				F2011E5829633C4900ECBE32 /* Release */,
			);
			defaultConfigurationIsVisible = 0;
			defaultConfigurationName = Release;
		};
/* End XCConfigurationList section */

/* Begin XCRemoteSwiftPackageReference section */
		F2011E6829633CD800ECBE32 /* XCRemoteSwiftPackageReference "rive-ios" */ = {
			isa = XCRemoteSwiftPackageReference;
			repositoryURL = "https://github.com/rive-app/rive-ios";
			requirement = {
				kind = upToNextMajorVersion;
				minimumVersion = 3.0.0;
			};
		};
/* End XCRemoteSwiftPackageReference section */

/* Begin XCSwiftPackageProductDependency section */
		F2011E6929633CD800ECBE32 /* RiveRuntime */ = {
			isa = XCSwiftPackageProductDependency;
			package = F2011E6829633CD800ECBE32 /* XCRemoteSwiftPackageReference "rive-ios" */;
			productName = RiveRuntime;
		};
/* End XCSwiftPackageProductDependency section */
	};
	rootObject = F2011E4029633C4700ECBE32 /* Project object */;
}
